
Microsoft Visual Studio Solution File, Format Version 12.00
# Visual Studio Version 16
VisualStudioVersion = 16.0.29424.173
MinimumVisualStudioVersion = 10.0.40219.1
Project("{FAE04EC0-301F-11D3-BF4B-00C04F79EFBC}") = "EuroproductApp", "EuroproductApp\EuroproductApp.csproj", "{D59AA4D5-9FAD-4D9C-B920-F992492345DC}"
EndProject
Project("{FAE04EC0-301F-11D3-BF4B-00C04F79EFBC}") = "EuroproductsPCL", "EuroproductsPCL\EuroproductsPCL.csproj", "{B712B0D1-D201-431E-A58F-E3628CE39FFF}"
EndProject
Global
	GlobalSection(SolutionConfigurationPlatforms) = preSolution
		Debug|Any CPU = Debug|Any CPU
		Release|Any CPU = Release|Any CPU
	EndGlobalSection
	GlobalSection(ProjectConfigurationPlatforms) = postSolution
		{D59AA4D5-9FAD-4D9C-B920-F992492345DC}.Debug|Any CPU.ActiveCfg = Debug|Any CPU
		{D59AA4D5-9FAD-4D9C-B920-F992492345DC}.Debug|Any CPU.Build.0 = Debug|Any CPU
		{D59AA4D5-9FAD-4D9C-B920-F992492345DC}.Release|Any CPU.ActiveCfg = Release|Any CPU
		{D59AA4D5-9FAD-4D9C-B920-F992492345DC}.Release|Any CPU.Build.0 = Release|Any CPU
		{B712B0D1-D201-431E-A58F-E3628CE39FFF}.Debug|Any CPU.ActiveCfg = Debug|Any CPU
		{B712B0D1-D201-431E-A58F-E3628CE39FFF}.Debug|Any CPU.Build.0 = Debug|Any CPU
		{B712B0D1-D201-431E-A58F-E3628CE39FFF}.Release|Any CPU.ActiveCfg = Release|Any CPU
		{B712B0D1-D201-431E-A58F-E3628CE39FFF}.Release|Any CPU.Build.0 = Release|Any CPU
	EndGlobalSection
	GlobalSection(SolutionProperties) = preSolution
		HideSolutionNode = FALSE
	EndGlobalSection
	GlobalSection(ExtensibilityGlobals) = postSolution
		SolutionGuid = {798FD248-71D6-4276-9B88-C10FB5C346CC}
	EndGlobalSection
EndGlobal
